
Microsoft Visual Studio Solution File, Format Version 12.00
# Visual Studio Version 16
VisualStudioVersion = 16.0.30523.141
MinimumVisualStudioVersion = 10.0.40219.1
Project("{FAE04EC0-301F-11D3-BF4B-00C04F79EFBC}") = "Pool1.17", "Pool1.17.csproj", "{A0ADD2E7-77F6-427C-A14F-B4A19DEB13B9}"
EndProject
Global
	GlobalSection(SolutionConfigurationPlatforms) = preSolution
		Debug|Any CPU = Debug|Any CPU
		Release|Any CPU = Release|Any CPU
	EndGlobalSection
	GlobalSection(ProjectConfigurationPlatforms) = postSolution
		{A0ADD2E7-77F6-427C-A14F-B4A19DEB13B9}.Debug|Any CPU.ActiveCfg = Debug|Any CPU
		{A0ADD2E7-77F6-427C-A14F-B4A19DEB13B9}.Debug|Any CPU.Build.0 = Debug|Any CPU
		{A0ADD2E7-77F6-427C-A14F-B4A19DEB13B9}.Release|Any CPU.ActiveCfg = Release|Any CPU
		{A0ADD2E7-77F6-427C-A14F-B4A19DEB13B9}.Release|Any CPU.Build.0 = Release|Any CPU
	EndGlobalSection
	GlobalSection(SolutionProperties) = preSolution
		HideSolutionNode = FALSE
	EndGlobalSection
	GlobalSection(ExtensibilityGlobals) = postSolution
		SolutionGuid = {2EE4DD65-53A0-4F69-9807-1287FDE5A3F5}
	EndGlobalSection
EndGlobal
