
Microsoft Visual Studio Solution File, Format Version 12.00
# Visual Studio Version 16
VisualStudioVersion = 16.0.30523.141
MinimumVisualStudioVersion = 10.0.40219.1
Project("{FAE04EC0-301F-11D3-BF4B-00C04F79EFBC}") = "Pool1.6", "Pool1.6.csproj", "{04A631B9-E365-431C-86ED-7A6F2695B1C4}"
EndProject
Global
	GlobalSection(SolutionConfigurationPlatforms) = preSolution
		Debug|Any CPU = Debug|Any CPU
		Release|Any CPU = Release|Any CPU
	EndGlobalSection
	GlobalSection(ProjectConfigurationPlatforms) = postSolution
		{04A631B9-E365-431C-86ED-7A6F2695B1C4}.Debug|Any CPU.ActiveCfg = Debug|Any CPU
		{04A631B9-E365-431C-86ED-7A6F2695B1C4}.Debug|Any CPU.Build.0 = Debug|Any CPU
		{04A631B9-E365-431C-86ED-7A6F2695B1C4}.Release|Any CPU.ActiveCfg = Release|Any CPU
		{04A631B9-E365-431C-86ED-7A6F2695B1C4}.Release|Any CPU.Build.0 = Release|Any CPU
	EndGlobalSection
	GlobalSection(SolutionProperties) = preSolution
		HideSolutionNode = FALSE
	EndGlobalSection
	GlobalSection(ExtensibilityGlobals) = postSolution
		SolutionGuid = {4D1DEC14-C8F8-4DD6-AEF5-7916AD752116}
	EndGlobalSection
EndGlobal
